
Microsoft Visual Studio Solution File, Format Version 12.00
# Visual Studio 15
VisualStudioVersion = 15.0.26124.0
MinimumVisualStudioVersion = 15.0.26124.0
Project("{FAE04EC0-301F-11D3-BF4B-00C04F79EFBC}") = "WorkerService", "WorkerService\WorkerService.csproj", "{29F012D7-62F2-4F02-A481-569D93D3E9AD}"
EndProject
Project("{FAE04EC0-301F-11D3-BF4B-00C04F79EFBC}") = "WebApi", "WebApi\WebApi.csproj", "{2561A4E3-547D-4BCF-A3F2-9B1120679302}"
EndProject
Project("{FAE04EC0-301F-11D3-BF4B-00C04F79EFBC}") = "WorkerService.Contracts", "WorkerService.Contracts\WorkerService.Contracts.csproj", "{311DA21C-8537-4117-9CCA-0861D2F25815}"
EndProject
Project("{FAE04EC0-301F-11D3-BF4B-00C04F79EFBC}") = "ProjectionWorker", "ProjectionWorker\ProjectionWorker.csproj", "{FCBBEEF7-4911-4E16-8C48-81D0A70DA318}"
EndProject
Project("{2150E333-8FDC-42A3-9474-1A3956D46DE8}") = "docker", "docker", "{FFB2ED6F-CB36-4328-B54C-7DB8636996CA}"
ProjectSection(SolutionItems) = preProject
	docker-compose.yaml = docker-compose.yaml
	otel-collector-config.yaml = otel-collector-config.yaml
	.dockerignore = .dockerignore
	.env = .env
EndProjectSection
EndProject
Project("{FAE04EC0-301F-11D3-BF4B-00C04F79EFBC}") = "OpenTelemetry.Contrib.Instrumentation.MassTransit", "external\opentelemetry-dotnet-contrib\src\OpenTelemetry.Contrib.Instrumentation.MassTransit\OpenTelemetry.Contrib.Instrumentation.MassTransit.csproj", "{E2FF2243-904A-451A-9397-55FD4405AE69}"
EndProject
Global
	GlobalSection(SolutionConfigurationPlatforms) = preSolution
		Debug|Any CPU = Debug|Any CPU
		Debug|x64 = Debug|x64
		Debug|x86 = Debug|x86
		Release|Any CPU = Release|Any CPU
		Release|x64 = Release|x64
		Release|x86 = Release|x86
	EndGlobalSection
	GlobalSection(SolutionProperties) = preSolution
		HideSolutionNode = FALSE
	EndGlobalSection
	GlobalSection(ProjectConfigurationPlatforms) = postSolution
		{29F012D7-62F2-4F02-A481-569D93D3E9AD}.Debug|Any CPU.ActiveCfg = Debug|Any CPU
		{29F012D7-62F2-4F02-A481-569D93D3E9AD}.Debug|Any CPU.Build.0 = Debug|Any CPU
		{29F012D7-62F2-4F02-A481-569D93D3E9AD}.Debug|x64.ActiveCfg = Debug|Any CPU
		{29F012D7-62F2-4F02-A481-569D93D3E9AD}.Debug|x64.Build.0 = Debug|Any CPU
		{29F012D7-62F2-4F02-A481-569D93D3E9AD}.Debug|x86.ActiveCfg = Debug|Any CPU
		{29F012D7-62F2-4F02-A481-569D93D3E9AD}.Debug|x86.Build.0 = Debug|Any CPU
		{29F012D7-62F2-4F02-A481-569D93D3E9AD}.Release|Any CPU.ActiveCfg = Release|Any CPU
		{29F012D7-62F2-4F02-A481-569D93D3E9AD}.Release|Any CPU.Build.0 = Release|Any CPU
		{29F012D7-62F2-4F02-A481-569D93D3E9AD}.Release|x64.ActiveCfg = Release|Any CPU
		{29F012D7-62F2-4F02-A481-569D93D3E9AD}.Release|x64.Build.0 = Release|Any CPU
		{29F012D7-62F2-4F02-A481-569D93D3E9AD}.Release|x86.ActiveCfg = Release|Any CPU
		{29F012D7-62F2-4F02-A481-569D93D3E9AD}.Release|x86.Build.0 = Release|Any CPU
		{2561A4E3-547D-4BCF-A3F2-9B1120679302}.Debug|Any CPU.ActiveCfg = Debug|Any CPU
		{2561A4E3-547D-4BCF-A3F2-9B1120679302}.Debug|Any CPU.Build.0 = Debug|Any CPU
		{2561A4E3-547D-4BCF-A3F2-9B1120679302}.Debug|x64.ActiveCfg = Debug|Any CPU
		{2561A4E3-547D-4BCF-A3F2-9B1120679302}.Debug|x64.Build.0 = Debug|Any CPU
		{2561A4E3-547D-4BCF-A3F2-9B1120679302}.Debug|x86.ActiveCfg = Debug|Any CPU
		{2561A4E3-547D-4BCF-A3F2-9B1120679302}.Debug|x86.Build.0 = Debug|Any CPU
		{2561A4E3-547D-4BCF-A3F2-9B1120679302}.Release|Any CPU.ActiveCfg = Release|Any CPU
		{2561A4E3-547D-4BCF-A3F2-9B1120679302}.Release|Any CPU.Build.0 = Release|Any CPU
		{2561A4E3-547D-4BCF-A3F2-9B1120679302}.Release|x64.ActiveCfg = Release|Any CPU
		{2561A4E3-547D-4BCF-A3F2-9B1120679302}.Release|x64.Build.0 = Release|Any CPU
		{2561A4E3-547D-4BCF-A3F2-9B1120679302}.Release|x86.ActiveCfg = Release|Any CPU
		{2561A4E3-547D-4BCF-A3F2-9B1120679302}.Release|x86.Build.0 = Release|Any CPU
		{311DA21C-8537-4117-9CCA-0861D2F25815}.Debug|Any CPU.ActiveCfg = Debug|Any CPU
		{311DA21C-8537-4117-9CCA-0861D2F25815}.Debug|Any CPU.Build.0 = Debug|Any CPU
		{311DA21C-8537-4117-9CCA-0861D2F25815}.Debug|x64.ActiveCfg = Debug|Any CPU
		{311DA21C-8537-4117-9CCA-0861D2F25815}.Debug|x64.Build.0 = Debug|Any CPU
		{311DA21C-8537-4117-9CCA-0861D2F25815}.Debug|x86.ActiveCfg = Debug|Any CPU
		{311DA21C-8537-4117-9CCA-0861D2F25815}.Debug|x86.Build.0 = Debug|Any CPU
		{311DA21C-8537-4117-9CCA-0861D2F25815}.Release|Any CPU.ActiveCfg = Release|Any CPU
		{311DA21C-8537-4117-9CCA-0861D2F25815}.Release|Any CPU.Build.0 = Release|Any CPU
		{311DA21C-8537-4117-9CCA-0861D2F25815}.Release|x64.ActiveCfg = Release|Any CPU
		{311DA21C-8537-4117-9CCA-0861D2F25815}.Release|x64.Build.0 = Release|Any CPU
		{311DA21C-8537-4117-9CCA-0861D2F25815}.Release|x86.ActiveCfg = Release|Any CPU
		{311DA21C-8537-4117-9CCA-0861D2F25815}.Release|x86.Build.0 = Release|Any CPU
		{FCBBEEF7-4911-4E16-8C48-81D0A70DA318}.Debug|Any CPU.ActiveCfg = Debug|Any CPU
		{FCBBEEF7-4911-4E16-8C48-81D0A70DA318}.Debug|Any CPU.Build.0 = Debug|Any CPU
		{FCBBEEF7-4911-4E16-8C48-81D0A70DA318}.Debug|x64.ActiveCfg = Debug|Any CPU
		{FCBBEEF7-4911-4E16-8C48-81D0A70DA318}.Debug|x64.Build.0 = Debug|Any CPU
		{FCBBEEF7-4911-4E16-8C48-81D0A70DA318}.Debug|x86.ActiveCfg = Debug|Any CPU
		{FCBBEEF7-4911-4E16-8C48-81D0A70DA318}.Debug|x86.Build.0 = Debug|Any CPU
		{FCBBEEF7-4911-4E16-8C48-81D0A70DA318}.Release|Any CPU.ActiveCfg = Release|Any CPU
		{FCBBEEF7-4911-4E16-8C48-81D0A70DA318}.Release|Any CPU.Build.0 = Release|Any CPU
		{FCBBEEF7-4911-4E16-8C48-81D0A70DA318}.Release|x64.ActiveCfg = Release|Any CPU
		{FCBBEEF7-4911-4E16-8C48-81D0A70DA318}.Release|x64.Build.0 = Release|Any CPU
		{FCBBEEF7-4911-4E16-8C48-81D0A70DA318}.Release|x86.ActiveCfg = Release|Any CPU
		{FCBBEEF7-4911-4E16-8C48-81D0A70DA318}.Release|x86.Build.0 = Release|Any CPU
		{E2FF2243-904A-451A-9397-55FD4405AE69}.Debug|Any CPU.ActiveCfg = Debug|Any CPU
		{E2FF2243-904A-451A-9397-55FD4405AE69}.Debug|Any CPU.Build.0 = Debug|Any CPU
		{E2FF2243-904A-451A-9397-55FD4405AE69}.Debug|x64.ActiveCfg = Debug|Any CPU
		{E2FF2243-904A-451A-9397-55FD4405AE69}.Debug|x64.Build.0 = Debug|Any CPU
		{E2FF2243-904A-451A-9397-55FD4405AE69}.Debug|x86.ActiveCfg = Debug|Any CPU
		{E2FF2243-904A-451A-9397-55FD4405AE69}.Debug|x86.Build.0 = Debug|Any CPU
		{E2FF2243-904A-451A-9397-55FD4405AE69}.Release|Any CPU.ActiveCfg = Release|Any CPU
		{E2FF2243-904A-451A-9397-55FD4405AE69}.Release|Any CPU.Build.0 = Release|Any CPU
		{E2FF2243-904A-451A-9397-55FD4405AE69}.Release|x64.ActiveCfg = Release|Any CPU
		{E2FF2243-904A-451A-9397-55FD4405AE69}.Release|x64.Build.0 = Release|Any CPU
		{E2FF2243-904A-451A-9397-55FD4405AE69}.Release|x86.ActiveCfg = Release|Any CPU
		{E2FF2243-904A-451A-9397-55FD4405AE69}.Release|x86.Build.0 = Release|Any CPU
	EndGlobalSection
EndGlobal
